
Microsoft Visual Studio Solution File, Format Version 12.00
# Visual Studio Version 17
VisualStudioVersion = 17.0.31903.59
MinimumVisualStudioVersion = 10.0.40219.1
Project("{FAE04EC0-301F-11D3-BF4B-00C04F79EFBC}") = "MadaResto.API", "MadaResto.API\MadaResto.API.csproj", "{CB87426D-3673-4748-8CBE-05518D46739A}"
EndProject
Project("{FAE04EC0-301F-11D3-BF4B-00C04F79EFBC}") = "MadaResto.Domain", "MadaResto.Domain\MadaResto.Domain.csproj", "{E19D0DA7-4EE3-44E5-90AE-387E10331E19}"
EndProject
Project("{FAE04EC0-301F-11D3-BF4B-00C04F79EFBC}") = "MadaResto.Application", "MadaResto.Application\MadaResto.Application.csproj", "{57A50764-1716-4BF7-A37B-ED0CE9E6ADBB}"
EndProject
Project("{FAE04EC0-301F-11D3-BF4B-00C04F79EFBC}") = "MadaResto.Infrastructure", "MadaResto.Infrastructure\MadaResto.Infrastructure.csproj", "{95BA4C66-C842-4E32-875E-EDA0D894943F}"
EndProject
Global
	GlobalSection(SolutionConfigurationPlatforms) = preSolution
		Debug|Any CPU = Debug|Any CPU
		Release|Any CPU = Release|Any CPU
	EndGlobalSection
	GlobalSection(SolutionProperties) = preSolution
		HideSolutionNode = FALSE
	EndGlobalSection
	GlobalSection(ProjectConfigurationPlatforms) = postSolution
		{CB87426D-3673-4748-8CBE-05518D46739A}.Debug|Any CPU.ActiveCfg = Debug|Any CPU
		{CB87426D-3673-4748-8CBE-05518D46739A}.Debug|Any CPU.Build.0 = Debug|Any CPU
		{CB87426D-3673-4748-8CBE-05518D46739A}.Release|Any CPU.ActiveCfg = Release|Any CPU
		{CB87426D-3673-4748-8CBE-05518D46739A}.Release|Any CPU.Build.0 = Release|Any CPU
		{E19D0DA7-4EE3-44E5-90AE-387E10331E19}.Debug|Any CPU.ActiveCfg = Debug|Any CPU
		{E19D0DA7-4EE3-44E5-90AE-387E10331E19}.Debug|Any CPU.Build.0 = Debug|Any CPU
		{E19D0DA7-4EE3-44E5-90AE-387E10331E19}.Release|Any CPU.ActiveCfg = Release|Any CPU
		{E19D0DA7-4EE3-44E5-90AE-387E10331E19}.Release|Any CPU.Build.0 = Release|Any CPU
		{57A50764-1716-4BF7-A37B-ED0CE9E6ADBB}.Debug|Any CPU.ActiveCfg = Debug|Any CPU
		{57A50764-1716-4BF7-A37B-ED0CE9E6ADBB}.Debug|Any CPU.Build.0 = Debug|Any CPU
		{57A50764-1716-4BF7-A37B-ED0CE9E6ADBB}.Release|Any CPU.ActiveCfg = Release|Any CPU
		{57A50764-1716-4BF7-A37B-ED0CE9E6ADBB}.Release|Any CPU.Build.0 = Release|Any CPU
		{95BA4C66-C842-4E32-875E-EDA0D894943F}.Debug|Any CPU.ActiveCfg = Debug|Any CPU
		{95BA4C66-C842-4E32-875E-EDA0D894943F}.Debug|Any CPU.Build.0 = Debug|Any CPU
		{95BA4C66-C842-4E32-875E-EDA0D894943F}.Release|Any CPU.ActiveCfg = Release|Any CPU
		{95BA4C66-C842-4E32-875E-EDA0D894943F}.Release|Any CPU.Build.0 = Release|Any CPU
	EndGlobalSection
EndGlobal
